<Solution>
  <Folder Name="/Task0/">
    <Project Path="Tyuiu.PolyakovaAB.Sprint1.Task0.V18.Lib/Tyuiu.PolyakovaAB.Sprint1.Task0.V18.Lib.csproj" />
    <Project Path="Tyuiu.PolyakovaAB.Sprint1.Task0.V18.Test/Tyuiu.PolyakovaAB.Sprint1.Task0.V18.Test.csproj" />
    <Project Path="Tyuiu.PolyakovaAB.Sprint1.Task0.V18/Tyuiu.PolyakovaAB.Sprint1.Task0.V18.csproj" />
  </Folder>
  <Folder Name="/Task1/">
    <Project Path="Tyuiu.PolyakovaAB.Sprint1.Task1.V8.Lib/Tyuiu.PolyakovaAB.Sprint1.Task1.V8.Lib.csproj" />
    <Project Path="Tyuiu.PolyakovaAB.Sprint1.Task1.V8.Test/Tyuiu.PolyakovaAB.Sprint1.Task1.V8.Test.csproj" />
    <Project Path="Tyuiu.PolyakovaAB.Sprint1.Task1.V8/Tyuiu.PolyakovaAB.Sprint1.Task1.V8.csproj" />
  </Folder>
  <Folder Name="/Task2/">
    <Project Path="Tyuiu.PolyakovaAB.Sprint1.Task2.V21.Lib/Tyuiu.PolyakovaAB.Sprint1.Task2.V21.Lib.csproj" Id="367fc311-7746-4aff-93b8-c34bda323d29" />
    <Project Path="Tyuiu.PolyakovaAB.Sprint1.Task2.V21.Test/Tyuiu.PolyakovaAB.Sprint1.Task2.V21.Test.csproj" Id="a53cc243-4024-41d0-929a-327b5fc5134c" />
    <Project Path="Tyuiu.PolyakovaAB.Sprint1.Task2.V21/Tyuiu.PolyakovaAB.Sprint1.Task2.V21.csproj" Id="97b24a87-6c2a-435c-a35d-d10de5dedabe" />
  </Folder>
  <Folder Name="/Task3/">
    <Project Path="Tyuiu.PolyakovaAB.Sprint1.Task3.V2.Lib/Tyuiu.PolyakovaAB.Sprint1.Task3.V2.Lib.csproj" Id="d89b7473-33c4-4700-ad77-3ee8a18bdeaf" />
    <Project Path="Tyuiu.PolyakovaAB.Sprint1.Task3.V2.Test/Tyuiu.PolyakovaAB.Sprint1.Task3.V2.Test.csproj" Id="f68b59fc-8bcd-492b-a71d-606ef43196a7" />
    <Project Path="Tyuiu.PolyakovaAB.Sprint1.Task3.V2/Tyuiu.PolyakovaAB.Sprint1.Task3.V2.csproj" Id="18e30c89-49f5-47e0-ae42-4ed9eda3ce41" />
  </Folder>
  <Folder Name="/Task4/">
    <Project Path="Tyuiu.PolyakovaAB.Sprint1.Task4.V25.Lib/Tyuiu.PolyakovaAB.Sprint1.Task4.V25.Lib.csproj" Id="e532c4a8-0adf-484e-b810-f92dcb3e5ac2" />
    <Project Path="Tyuiu.PolyakovaAB.Sprint1.Task4.V25.Test/Tyuiu.PolyakovaAB.Sprint1.Task4.V25.Test.csproj" Id="d12e7b1e-58a1-44c7-8f3d-f33de958d49d" />
    <Project Path="Tyuiu.PolyakovaAB.Sprint1.Task4.V25/Tyuiu.PolyakovaAB.Sprint1.Task4.V25.csproj" Id="cc23a8bd-051d-44ad-ac14-1105681d2443" />
  </Folder>
  <Folder Name="/Task5/">
    <Project Path="Tyuiu.PolyakovaAB.Sprint1.Task5.V2.Lib/Tyuiu.PolyakovaAB.Sprint1.Task5.V2.Lib.csproj" Id="984ebf98-0725-4bdb-9392-96a8583a668b" />
    <Project Path="Tyuiu.PolyakovaAB.Sprint1.Task5.V2.Test/Tyuiu.PolyakovaAB.Sprint1.Task5.V2.Test.csproj" Id="96396d97-fd3b-4812-ad03-f06905e172e9" />
    <Project Path="Tyuiu.PolyakovaAB.Sprint1.Task5.V2/Tyuiu.PolyakovaAB.Sprint1.Task5.V2.csproj" Id="5ba262b0-75b3-4b31-a66e-80fc6f1525f6" />
  </Folder>
</Solution>
