<Solution>
  <Folder Name="/Task0/">
    <Project Path="Tyuiu.PolyakovaAB.Sprint1.Task0.V18.Lib/Tyuiu.PolyakovaAB.Sprint1.Task0.V18.Lib.csproj" />
    <Project Path="Tyuiu.PolyakovaAB.Sprint1.Task0.V18.Test/Tyuiu.PolyakovaAB.Sprint1.Task0.V18.Test.csproj" />
    <Project Path="Tyuiu.PolyakovaAB.Sprint1.Task0.V18/Tyuiu.PolyakovaAB.Sprint1.Task0.V18.csproj" />
  </Folder>
  <Folder Name="/Task1/">
    <Project Path="Tyuiu.PolyakovaAB.Sprint1.Task1.V8.Lib/Tyuiu.PolyakovaAB.Sprint1.Task1.V8.Lib.csproj" />
    <Project Path="Tyuiu.PolyakovaAB.Sprint1.Task1.V8.Test/Tyuiu.PolyakovaAB.Sprint1.Task1.V8.Test.csproj" />
    <Project Path="Tyuiu.PolyakovaAB.Sprint1.Task1.V8/Tyuiu.PolyakovaAB.Sprint1.Task1.V8.csproj" />
  </Folder>
</Solution>
